// !$*UTF8*$!
{
	archiveVersion = 1;
	classes = {
	};
	objectVersion = 46;
	objects = {

/* Begin PBXBuildFile section */
		C60E46B81EB87F7100CAF949 /* AppDelegate.swift in Sources */ = {isa = PBXBuildFile; fileRef = C60E46B71EB87F7100CAF949 /* AppDelegate.swift */; };
		C60E46BA1EB87F7100CAF949 /* ViewController.swift in Sources */ = {isa = PBXBuildFile; fileRef = C60E46B91EB87F7100CAF949 /* ViewController.swift */; };
		C60E46BD1EB87F7100CAF949 /* Main.storyboard in Resources */ = {isa = PBXBuildFile; fileRef = C60E46BB1EB87F7100CAF949 /* Main.storyboard */; };
		C60E46BF1EB87F7100CAF949 /* Assets.xcassets in Resources */ = {isa = PBXBuildFile; fileRef = C60E46BE1EB87F7100CAF949 /* Assets.xcassets */; };
		C60E46C21EB87F7100CAF949 /* LaunchScreen.storyboard in Resources */ = {isa = PBXBuildFile; fileRef = C60E46C01EB87F7100CAF949 /* LaunchScreen.storyboard */; };
		C60E46CD1EB87F7100CAF949 /* Calculate_App_iOSTests.swift in Sources */ = {isa = PBXBuildFile; fileRef = C60E46CC1EB87F7100CAF949 /* Calculate_App_iOSTests.swift */; };
		C60E46D81EB87F7100CAF949 /* Calculate_App_iOSUITests.swift in Sources */ = {isa = PBXBuildFile; fileRef = C60E46D71EB87F7100CAF949 /* Calculate_App_iOSUITests.swift */; };
/* End PBXBuildFile section */

/* Begin PBXContainerItemProxy section */
		C60E46C91EB87F7100CAF949 /* PBXContainerItemProxy */ = {
			isa = PBXContainerItemProxy;
			containerPortal = C60E46AC1EB87F7100CAF949 /* Project object */;
			proxyType = 1;
			remoteGlobalIDString = C60E46B31EB87F7100CAF949;
			remoteInfo = "Calculate-App-iOS";
		};
		C60E46D41EB87F7100CAF949 /* PBXContainerItemProxy */ = {
			isa = PBXContainerItemProxy;
			containerPortal = C60E46AC1EB87F7100CAF949 /* Project object */;
			proxyType = 1;
			remoteGlobalIDString = C60E46B31EB87F7100CAF949;
			remoteInfo = "Calculate-App-iOS";
		};
/* End PBXContainerItemProxy section */

/* Begin PBXFileReference section */
		C60E46B41EB87F7100CAF949 /* Calculate-App-iOS.app */ = {isa = PBXFileReference; explicitFileType = wrapper.application; includeInIndex = 0; path = "Calculate-App-iOS.app"; sourceTree = BUILT_PRODUCTS_DIR; };
		C60E46B71EB87F7100CAF949 /* AppDelegate.swift */ = {isa = PBXFileReference; lastKnownFileType = sourcecode.swift; path = AppDelegate.swift; sourceTree = "<group>"; };
		C60E46B91EB87F7100CAF949 /* ViewController.swift */ = {isa = PBXFileReference; lastKnownFileType = sourcecode.swift; path = ViewController.swift; sourceTree = "<group>"; };
		C60E46BC1EB87F7100CAF949 /* Base */ = {isa = PBXFileReference; lastKnownFileType = file.storyboard; name = Base; path = Base.lproj/Main.storyboard; sourceTree = "<group>"; };
		C60E46BE1EB87F7100CAF949 /* Assets.xcassets */ = {isa = PBXFileReference; lastKnownFileType = folder.assetcatalog; path = Assets.xcassets; sourceTree = "<group>"; };
		C60E46C11EB87F7100CAF949 /* Base */ = {isa = PBXFileReference; lastKnownFileType = file.storyboard; name = Base; path = Base.lproj/LaunchScreen.storyboard; sourceTree = "<group>"; };
		C60E46C31EB87F7100CAF949 /* Info.plist */ = {isa = PBXFileReference; lastKnownFileType = text.plist.xml; path = Info.plist; sourceTree = "<group>"; };
		C60E46C81EB87F7100CAF949 /* Calculate-App-iOSTests.xctest */ = {isa = PBXFileReference; explicitFileType = wrapper.cfbundle; includeInIndex = 0; path = "Calculate-App-iOSTests.xctest"; sourceTree = BUILT_PRODUCTS_DIR; };
		C60E46CC1EB87F7100CAF949 /* Calculate_App_iOSTests.swift */ = {isa = PBXFileReference; lastKnownFileType = sourcecode.swift; path = Calculate_App_iOSTests.swift; sourceTree = "<group>"; };
		C60E46CE1EB87F7100CAF949 /* Info.plist */ = {isa = PBXFileReference; lastKnownFileType = text.plist.xml; path = Info.plist; sourceTree = "<group>"; };
		C60E46D31EB87F7100CAF949 /* Calculate-App-iOSUITests.xctest */ = {isa = PBXFileReference; explicitFileType = wrapper.cfbundle; includeInIndex = 0; path = "Calculate-App-iOSUITests.xctest"; sourceTree = BUILT_PRODUCTS_DIR; };
		C60E46D71EB87F7100CAF949 /* Calculate_App_iOSUITests.swift */ = {isa = PBXFileReference; lastKnownFileType = sourcecode.swift; path = Calculate_App_iOSUITests.swift; sourceTree = "<group>"; };
		C60E46D91EB87F7100CAF949 /* Info.plist */ = {isa = PBXFileReference; lastKnownFileType = text.plist.xml; path = Info.plist; sourceTree = "<group>"; };
/* End PBXFileReference section */

/* Begin PBXFrameworksBuildPhase section */
		C60E46B11EB87F7100CAF949 /* Frameworks */ = {
			isa = PBXFrameworksBuildPhase;
			buildActionMask = 2147483647;
			files = (
			);
			runOnlyForDeploymentPostprocessing = 0;
		};
		C60E46C51EB87F7100CAF949 /* Frameworks */ = {
			isa = PBXFrameworksBuildPhase;
			buildActionMask = 2147483647;
			files = (
			);
			runOnlyForDeploymentPostprocessing = 0;
		};
		C60E46D01EB87F7100CAF949 /* Frameworks */ = {
			isa = PBXFrameworksBuildPhase;
			buildActionMask = 2147483647;
			files = (
			);
			runOnlyForDeploymentPostprocessing = 0;
		};
/* End PBXFrameworksBuildPhase section */

/* Begin PBXGroup section */
		C60E46AB1EB87F7100CAF949 = {
			isa = PBXGroup;
			children = (
				C60E46B61EB87F7100CAF949 /* Calculate-App-iOS */,
				C60E46CB1EB87F7100CAF949 /* Calculate-App-iOSTests */,
				C60E46D61EB87F7100CAF949 /* Calculate-App-iOSUITests */,
				C60E46B51EB87F7100CAF949 /* Products */,
			);
			sourceTree = "<group>";
		};
		C60E46B51EB87F7100CAF949 /* Products */ = {
			isa = PBXGroup;
			children = (
				C60E46B41EB87F7100CAF949 /* Calculate-App-iOS.app */,
				C60E46C81EB87F7100CAF949 /* Calculate-App-iOSTests.xctest */,
				C60E46D31EB87F7100CAF949 /* Calculate-App-iOSUITests.xctest */,
			);
			name = Products;
			sourceTree = "<group>";
		};
		C60E46B61EB87F7100CAF949 /* Calculate-App-iOS */ = {
			isa = PBXGroup;
			children = (
				C60E46B71EB87F7100CAF949 /* AppDelegate.swift */,
				C60E46B91EB87F7100CAF949 /* ViewController.swift */,
				C60E46BB1EB87F7100CAF949 /* Main.storyboard */,
				C60E46BE1EB87F7100CAF949 /* Assets.xcassets */,
				C60E46C01EB87F7100CAF949 /* LaunchScreen.storyboard */,
				C60E46C31EB87F7100CAF949 /* Info.plist */,
			);
			path = "Calculate-App-iOS";
			sourceTree = "<group>";
		};
		C60E46CB1EB87F7100CAF949 /* Calculate-App-iOSTests */ = {
			isa = PBXGroup;
			children = (
				C60E46CC1EB87F7100CAF949 /* Calculate_App_iOSTests.swift */,
				C60E46CE1EB87F7100CAF949 /* Info.plist */,
			);
			path = "Calculate-App-iOSTests";
			sourceTree = "<group>";
		};
		C60E46D61EB87F7100CAF949 /* Calculate-App-iOSUITests */ = {
			isa = PBXGroup;
			children = (
				C60E46D71EB87F7100CAF949 /* Calculate_App_iOSUITests.swift */,
				C60E46D91EB87F7100CAF949 /* Info.plist */,
			);
			path = "Calculate-App-iOSUITests";
			sourceTree = "<group>";
		};
/* End PBXGroup section */

/* Begin PBXNativeTarget section */
		C60E46B31EB87F7100CAF949 /* Calculate-App-iOS */ = {
			isa = PBXNativeTarget;
			buildConfigurationList = C60E46DC1EB87F7100CAF949 /* Build configuration list for PBXNativeTarget "Calculate-App-iOS" */;
			buildPhases = (
				C60E46B01EB87F7100CAF949 /* Sources */,
				C60E46B11EB87F7100CAF949 /* Frameworks */,
				C60E46B21EB87F7100CAF949 /* Resources */,
			);
			buildRules = (
			);
			dependencies = (
			);
			name = "Calculate-App-iOS";
			productName = "Calculate-App-iOS";
			productReference = C60E46B41EB87F7100CAF949 /* Calculate-App-iOS.app */;
			productType = "com.apple.product-type.application";
		};
		C60E46C71EB87F7100CAF949 /* Calculate-App-iOSTests */ = {
			isa = PBXNativeTarget;
			buildConfigurationList = C60E46DF1EB87F7100CAF949 /* Build configuration list for PBXNativeTarget "Calculate-App-iOSTests" */;
			buildPhases = (
				C60E46C41EB87F7100CAF949 /* Sources */,
				C60E46C51EB87F7100CAF949 /* Frameworks */,
				C60E46C61EB87F7100CAF949 /* Resources */,
			);
			buildRules = (
			);
			dependencies = (
				C60E46CA1EB87F7100CAF949 /* PBXTargetDependency */,
			);
			name = "Calculate-App-iOSTests";
			productName = "Calculate-App-iOSTests";
			productReference = C60E46C81EB87F7100CAF949 /* Calculate-App-iOSTests.xctest */;
			productType = "com.apple.product-type.bundle.unit-test";
		};
		C60E46D21EB87F7100CAF949 /* Calculate-App-iOSUITests */ = {
			isa = PBXNativeTarget;
			buildConfigurationList = C60E46E21EB87F7100CAF949 /* Build configuration list for PBXNativeTarget "Calculate-App-iOSUITests" */;
			buildPhases = (
				C60E46CF1EB87F7100CAF949 /* Sources */,
				C60E46D01EB87F7100CAF949 /* Frameworks */,
				C60E46D11EB87F7100CAF949 /* Resources */,
			);
			buildRules = (
			);
			dependencies = (
				C60E46D51EB87F7100CAF949 /* PBXTargetDependency */,
			);
			name = "Calculate-App-iOSUITests";
			productName = "Calculate-App-iOSUITests";
			productReference = C60E46D31EB87F7100CAF949 /* Calculate-App-iOSUITests.xctest */;
			productType = "com.apple.product-type.bundle.ui-testing";
		};
/* End PBXNativeTarget section */

/* Begin PBXProject section */
		C60E46AC1EB87F7100CAF949 /* Project object */ = {
			isa = PBXProject;
			attributes = {
				LastSwiftUpdateCheck = 0830;
				LastUpgradeCheck = 0830;
				ORGANIZATIONNAME = "Иосиф Дзеранов";
				TargetAttributes = {
					C60E46B31EB87F7100CAF949 = {
						CreatedOnToolsVersion = 8.3.2;
						DevelopmentTeam = N22X765AES;
						ProvisioningStyle = Automatic;
					};
					C60E46C71EB87F7100CAF949 = {
						CreatedOnToolsVersion = 8.3.2;
						DevelopmentTeam = N22X765AES;
						ProvisioningStyle = Automatic;
						TestTargetID = C60E46B31EB87F7100CAF949;
					};
					C60E46D21EB87F7100CAF949 = {
						CreatedOnToolsVersion = 8.3.2;
						DevelopmentTeam = N22X765AES;
						ProvisioningStyle = Automatic;
						TestTargetID = C60E46B31EB87F7100CAF949;
					};
				};
			};
			buildConfigurationList = C60E46AF1EB87F7100CAF949 /* Build configuration list for PBXProject "Calculate-App-iOS" */;
			compatibilityVersion = "Xcode 3.2";
			developmentRegion = English;
			hasScannedForEncodings = 0;
			knownRegions = (
				en,
				Base,
			);
			mainGroup = C60E46AB1EB87F7100CAF949;
			productRefGroup = C60E46B51EB87F7100CAF949 /* Products */;
			projectDirPath = "";
			projectRoot = "";
			targets = (
				C60E46B31EB87F7100CAF949 /* Calculate-App-iOS */,
				C60E46C71EB87F7100CAF949 /* Calculate-App-iOSTests */,
				C60E46D21EB87F7100CAF949 /* Calculate-App-iOSUITests */,
			);
		};
/* End PBXProject section */

/* Begin PBXResourcesBuildPhase section */
		C60E46B21EB87F7100CAF949 /* Resources */ = {
			isa = PBXResourcesBuildPhase;
			buildActionMask = 2147483647;
			files = (
				C60E46C21EB87F7100CAF949 /* LaunchScreen.storyboard in Resources */,
				C60E46BF1EB87F7100CAF949 /* Assets.xcassets in Resources */,
				C60E46BD1EB87F7100CAF949 /* Main.storyboard in Resources */,
			);
			runOnlyForDeploymentPostprocessing = 0;
		};
		C60E46C61EB87F7100CAF949 /* Resources */ = {
			isa = PBXResourcesBuildPhase;
			buildActionMask = 2147483647;
			files = (
			);
			runOnlyForDeploymentPostprocessing = 0;
		};
		C60E46D11EB87F7100CAF949 /* Resources */ = {
			isa = PBXResourcesBuildPhase;
			buildActionMask = 2147483647;
			files = (
			);
			runOnlyForDeploymentPostprocessing = 0;
		};
/* End PBXResourcesBuildPhase section */

/* Begin PBXSourcesBuildPhase section */
		C60E46B01EB87F7100CAF949 /* Sources */ = {
			isa = PBXSourcesBuildPhase;
			buildActionMask = 2147483647;
			files = (
				C60E46BA1EB87F7100CAF949 /* ViewController.swift in Sources */,
				C60E46B81EB87F7100CAF949 /* AppDelegate.swift in Sources */,
			);
			runOnlyForDeploymentPostprocessing = 0;
		};
		C60E46C41EB87F7100CAF949 /* Sources */ = {
			isa = PBXSourcesBuildPhase;
			buildActionMask = 2147483647;
			files = (
				C60E46CD1EB87F7100CAF949 /* Calculate_App_iOSTests.swift in Sources */,
			);
			runOnlyForDeploymentPostprocessing = 0;
		};
		C60E46CF1EB87F7100CAF949 /* Sources */ = {
			isa = PBXSourcesBuildPhase;
			buildActionMask = 2147483647;
			files = (
				C60E46D81EB87F7100CAF949 /* Calculate_App_iOSUITests.swift in Sources */,
			);
			runOnlyForDeploymentPostprocessing = 0;
		};
/* End PBXSourcesBuildPhase section */

/* Begin PBXTargetDependency section */
		C60E46CA1EB87F7100CAF949 /* PBXTargetDependency */ = {
			isa = PBXTargetDependency;
			target = C60E46B31EB87F7100CAF949 /* Calculate-App-iOS */;
			targetProxy = C60E46C91EB87F7100CAF949 /* PBXContainerItemProxy */;
		};
		C60E46D51EB87F7100CAF949 /* PBXTargetDependency */ = {
			isa = PBXTargetDependency;
			target = C60E46B31EB87F7100CAF949 /* Calculate-App-iOS */;
			targetProxy = C60E46D41EB87F7100CAF949 /* PBXContainerItemProxy */;
		};
/* End PBXTargetDependency section */

/* Begin PBXVariantGroup section */
		C60E46BB1EB87F7100CAF949 /* Main.storyboard */ = {
			isa = PBXVariantGroup;
			children = (
				C60E46BC1EB87F7100CAF949 /* Base */,
			);
			name = Main.storyboard;
			sourceTree = "<group>";
		};
		C60E46C01EB87F7100CAF949 /* LaunchScreen.storyboard */ = {
			isa = PBXVariantGroup;
			children = (
				C60E46C11EB87F7100CAF949 /* Base */,
			);
			name = LaunchScreen.storyboard;
			sourceTree = "<group>";
		};
/* End PBXVariantGroup section */

/* Begin XCBuildConfiguration section */
		C60E46DA1EB87F7100CAF949 /* Debug */ = {
			isa = XCBuildConfiguration;
			buildSettings = {
				ALWAYS_SEARCH_USER_PATHS = NO;
				CLANG_ANALYZER_NONNULL = YES;
				CLANG_ANALYZER_NUMBER_OBJECT_CONVERSION = YES_AGGRESSIVE;
				CLANG_CXX_LANGUAGE_STANDARD = "gnu++0x";
				CLANG_CXX_LIBRARY = "libc++";
				CLANG_ENABLE_MODULES = YES;
				CLANG_ENABLE_OBJC_ARC = YES;
				CLANG_WARN_BOOL_CONVERSION = YES;
				CLANG_WARN_CONSTANT_CONVERSION = YES;
				CLANG_WARN_DIRECT_OBJC_ISA_USAGE = YES_ERROR;
				CLANG_WARN_DOCUMENTATION_COMMENTS = YES;
				CLANG_WARN_EMPTY_BODY = YES;
				CLANG_WARN_ENUM_CONVERSION = YES;
				CLANG_WARN_INFINITE_RECURSION = YES;
				CLANG_WARN_INT_CONVERSION = YES;
				CLANG_WARN_OBJC_ROOT_CLASS = YES_ERROR;
				CLANG_WARN_SUSPICIOUS_MOVE = YES;
				CLANG_WARN_UNREACHABLE_CODE = YES;
				CLANG_WARN__DUPLICATE_METHOD_MATCH = YES;
				"CODE_SIGN_IDENTITY[sdk=iphoneos*]" = "iPhone Developer";
				COPY_PHASE_STRIP = NO;
				DEBUG_INFORMATION_FORMAT = dwarf;
				ENABLE_STRICT_OBJC_MSGSEND = YES;
				ENABLE_TESTABILITY = YES;
				GCC_C_LANGUAGE_STANDARD = gnu99;
				GCC_DYNAMIC_NO_PIC = NO;
				GCC_NO_COMMON_BLOCKS = YES;
				GCC_OPTIMIZATION_LEVEL = 0;
				GCC_PREPROCESSOR_DEFINITIONS = (
					"DEBUG=1",
					"$(inherited)",
				);
				GCC_WARN_64_TO_32_BIT_CONVERSION = YES;
				GCC_WARN_ABOUT_RETURN_TYPE = YES_ERROR;
				GCC_WARN_UNDECLARED_SELECTOR = YES;
				GCC_WARN_UNINITIALIZED_AUTOS = YES_AGGRESSIVE;
				GCC_WARN_UNUSED_FUNCTION = YES;
				GCC_WARN_UNUSED_VARIABLE = YES;
				IPHONEOS_DEPLOYMENT_TARGET = 10.3;
				MTL_ENABLE_DEBUG_INFO = YES;
				ONLY_ACTIVE_ARCH = YES;
				SDKROOT = iphoneos;
				SWIFT_ACTIVE_COMPILATION_CONDITIONS = DEBUG;
				SWIFT_OPTIMIZATION_LEVEL = "-Onone";
			};
			name = Debug;
		};
		C60E46DB1EB87F7100CAF949 /* Release */ = {
			isa = XCBuildConfiguration;
			buildSettings = {
				ALWAYS_SEARCH_USER_PATHS = NO;
				CLANG_ANALYZER_NONNULL = YES;
				CLANG_ANALYZER_NUMBER_OBJECT_CONVERSION = YES_AGGRESSIVE;
				CLANG_CXX_LANGUAGE_STANDARD = "gnu++0x";
				CLANG_CXX_LIBRARY = "libc++";
				CLANG_ENABLE_MODULES = YES;
				CLANG_ENABLE_OBJC_ARC = YES;
				CLANG_WARN_BOOL_CONVERSION = YES;
				CLANG_WARN_CONSTANT_CONVERSION = YES;
				CLANG_WARN_DIRECT_OBJC_ISA_USAGE = YES_ERROR;
				CLANG_WARN_DOCUMENTATION_COMMENTS = YES;
				CLANG_WARN_EMPTY_BODY = YES;
				CLANG_WARN_ENUM_CONVERSION = YES;
				CLANG_WARN_INFINITE_RECURSION = YES;
				CLANG_WARN_INT_CONVERSION = YES;
				CLANG_WARN_OBJC_ROOT_CLASS = YES_ERROR;
				CLANG_WARN_SUSPICIOUS_MOVE = YES;
				CLANG_WARN_UNREACHABLE_CODE = YES;
				CLANG_WARN__DUPLICATE_METHOD_MATCH = YES;
				"CODE_SIGN_IDENTITY[sdk=iphoneos*]" = "iPhone Developer";
				COPY_PHASE_STRIP = NO;
				DEBUG_INFORMATION_FORMAT = "dwarf-with-dsym";
				ENABLE_NS_ASSERTIONS = NO;
				ENABLE_STRICT_OBJC_MSGSEND = YES;
				GCC_C_LANGUAGE_STANDARD = gnu99;
				GCC_NO_COMMON_BLOCKS = YES;
				GCC_WARN_64_TO_32_BIT_CONVERSION = YES;
				GCC_WARN_ABOUT_RETURN_TYPE = YES_ERROR;
				GCC_WARN_UNDECLARED_SELECTOR = YES;
				GCC_WARN_UNINITIALIZED_AUTOS = YES_AGGRESSIVE;
				GCC_WARN_UNUSED_FUNCTION = YES;
				GCC_WARN_UNUSED_VARIABLE = YES;
				IPHONEOS_DEPLOYMENT_TARGET = 10.3;
				MTL_ENABLE_DEBUG_INFO = NO;
				SDKROOT = iphoneos;
				SWIFT_OPTIMIZATION_LEVEL = "-Owholemodule";
				VALIDATE_PRODUCT = YES;
			};
			name = Release;
		};
		C60E46DD1EB87F7100CAF949 /* Debug */ = {
			isa = XCBuildConfiguration;
			buildSettings = {
				ASSETCATALOG_COMPILER_APPICON_NAME = AppIcon;
				DEVELOPMENT_TEAM = N22X765AES;
				INFOPLIST_FILE = "Calculate-App-iOS/Info.plist";
				LD_RUNPATH_SEARCH_PATHS = "$(inherited) @executable_path/Frameworks";
				PRODUCT_BUNDLE_IDENTIFIER = "JosefDzeranov.Calculate-App-iOS";
				PRODUCT_NAME = "$(TARGET_NAME)";
				SWIFT_VERSION = 3.0;
			};
			name = Debug;
		};
		C60E46DE1EB87F7100CAF949 /* Release */ = {
			isa = XCBuildConfiguration;
			buildSettings = {
				ASSETCATALOG_COMPILER_APPICON_NAME = AppIcon;
				DEVELOPMENT_TEAM = N22X765AES;
				INFOPLIST_FILE = "Calculate-App-iOS/Info.plist";
				LD_RUNPATH_SEARCH_PATHS = "$(inherited) @executable_path/Frameworks";
				PRODUCT_BUNDLE_IDENTIFIER = "JosefDzeranov.Calculate-App-iOS";
				PRODUCT_NAME = "$(TARGET_NAME)";
				SWIFT_VERSION = 3.0;
			};
			name = Release;
		};
		C60E46E01EB87F7100CAF949 /* Debug */ = {
			isa = XCBuildConfiguration;
			buildSettings = {
				ALWAYS_EMBED_SWIFT_STANDARD_LIBRARIES = YES;
				BUNDLE_LOADER = "$(TEST_HOST)";
				DEVELOPMENT_TEAM = N22X765AES;
				INFOPLIST_FILE = "Calculate-App-iOSTests/Info.plist";
				LD_RUNPATH_SEARCH_PATHS = "$(inherited) @executable_path/Frameworks @loader_path/Frameworks";
				PRODUCT_BUNDLE_IDENTIFIER = "JosefDzeranov.Calculate-App-iOSTests";
				PRODUCT_NAME = "$(TARGET_NAME)";
				SWIFT_VERSION = 3.0;
				TEST_HOST = "$(BUILT_PRODUCTS_DIR)/Calculate-App-iOS.app/Calculate-App-iOS";
			};
			name = Debug;
		};
		C60E46E11EB87F7100CAF949 /* Release */ = {
			isa = XCBuildConfiguration;
			buildSettings = {
				ALWAYS_EMBED_SWIFT_STANDARD_LIBRARIES = YES;
				BUNDLE_LOADER = "$(TEST_HOST)";
				DEVELOPMENT_TEAM = N22X765AES;
				INFOPLIST_FILE = "Calculate-App-iOSTests/Info.plist";
				LD_RUNPATH_SEARCH_PATHS = "$(inherited) @executable_path/Frameworks @loader_path/Frameworks";
				PRODUCT_BUNDLE_IDENTIFIER = "JosefDzeranov.Calculate-App-iOSTests";
				PRODUCT_NAME = "$(TARGET_NAME)";
				SWIFT_VERSION = 3.0;
				TEST_HOST = "$(BUILT_PRODUCTS_DIR)/Calculate-App-iOS.app/Calculate-App-iOS";
			};
			name = Release;
		};
		C60E46E31EB87F7100CAF949 /* Debug */ = {
			isa = XCBuildConfiguration;
			buildSettings = {
				ALWAYS_EMBED_SWIFT_STANDARD_LIBRARIES = YES;
				DEVELOPMENT_TEAM = N22X765AES;
				INFOPLIST_FILE = "Calculate-App-iOSUITests/Info.plist";
				LD_RUNPATH_SEARCH_PATHS = "$(inherited) @executable_path/Frameworks @loader_path/Frameworks";
				PRODUCT_BUNDLE_IDENTIFIER = "JosefDzeranov.Calculate-App-iOSUITests";
				PRODUCT_NAME = "$(TARGET_NAME)";
				SWIFT_VERSION = 3.0;
				TEST_TARGET_NAME = "Calculate-App-iOS";
			};
			name = Debug;
		};
		C60E46E41EB87F7100CAF949 /* Release */ = {
			isa = XCBuildConfiguration;
			buildSettings = {
				ALWAYS_EMBED_SWIFT_STANDARD_LIBRARIES = YES;
				DEVELOPMENT_TEAM = N22X765AES;
				INFOPLIST_FILE = "Calculate-App-iOSUITests/Info.plist";
				LD_RUNPATH_SEARCH_PATHS = "$(inherited) @executable_path/Frameworks @loader_path/Frameworks";
				PRODUCT_BUNDLE_IDENTIFIER = "JosefDzeranov.Calculate-App-iOSUITests";
				PRODUCT_NAME = "$(TARGET_NAME)";
				SWIFT_VERSION = 3.0;
				TEST_TARGET_NAME = "Calculate-App-iOS";
			};
			name = Release;
		};
/* End XCBuildConfiguration section */

/* Begin XCConfigurationList section */
		C60E46AF1EB87F7100CAF949 /* Build configuration list for PBXProject "Calculate-App-iOS" */ = {
			isa = XCConfigurationList;
			buildConfigurations = (
				C60E46DA1EB87F7100CAF949 /* Debug */,
				C60E46DB1EB87F7100CAF949 /* Release */,
			);
			defaultConfigurationIsVisible = 0;
			defaultConfigurationName = Release;
		};
		C60E46DC1EB87F7100CAF949 /* Build configuration list for PBXNativeTarget "Calculate-App-iOS" */ = {
			isa = XCConfigurationList;
			buildConfigurations = (
				C60E46DD1EB87F7100CAF949 /* Debug */,
				C60E46DE1EB87F7100CAF949 /* Release */,
			);
			defaultConfigurationIsVisible = 0;
		};
		C60E46DF1EB87F7100CAF949 /* Build configuration list for PBXNativeTarget "Calculate-App-iOSTests" */ = {
			isa = XCConfigurationList;
			buildConfigurations = (
				C60E46E01EB87F7100CAF949 /* Debug */,
				C60E46E11EB87F7100CAF949 /* Release */,
			);
			defaultConfigurationIsVisible = 0;
		};
		C60E46E21EB87F7100CAF949 /* Build configuration list for PBXNativeTarget "Calculate-App-iOSUITests" */ = {
			isa = XCConfigurationList;
			buildConfigurations = (
				C60E46E31EB87F7100CAF949 /* Debug */,
				C60E46E41EB87F7100CAF949 /* Release */,
			);
			defaultConfigurationIsVisible = 0;
		};
/* End XCConfigurationList section */
	};
	rootObject = C60E46AC1EB87F7100CAF949 /* Project object */;
}
